<Solution>
  <Folder Name="/src/">
    <Project Path="src/Simplea.Xperience.Forms.Toolkit/Simplea.Xperience.Forms.Toolkit.csproj" />
  </Folder>
  <Folder Name="/examples/">
    <Project Path="examples/DancingGoat/DancingGoat.csproj" />
  </Folder>
  <Folder Name="/tests/">
    <Project Path="tests/Simplea.Xperience.Forms.Toolkit.Tests/Simplea.Xperience.Forms.Toolkit.Tests.csproj" />
  </Folder>
</Solution>
